PODS:
  - Google/Analytics (1.0.7):
    - Google/Core
    - GoogleAnalytics (~> 3.12)
  - Google/Core (1.0.7):
    - GoogleNetworkingUtilities (~> 1.0)
    - GoogleSymbolUtilities (~> 1.0)
    - GoogleUtilities (~> 1.0)
  - GoogleAnalytics (3.13.0)
  - GoogleNetworkingUtilities (1.0.0):
    - GoogleSymbolUtilities (~> 1.0)
  - GoogleSymbolUtilities (1.0.0)
  - GoogleUtilities (1.1.0):
    - GoogleSymbolUtilities (~> 1.0.0)
  - RaptureXML (1.0.1)

DEPENDENCIES:
  - Google/Analytics (~> 1.0.0)
  - RaptureXML (~> 1.0.1)

SPEC CHECKSUMS:
  Google: 8be107e3b4bbb6889ebf1f64cdd92cb87dc17a62
  GoogleAnalytics: fcf1f1cad57ae1a9a53520018f0f680ceeeb8b49
  GoogleNetworkingUtilities: 292992ab31b7b4ba32809a0e8b40e324cdfb2c0c
  GoogleSymbolUtilities: a7b0feed1fe667c8d5e647177938d0ecd62d6948
  GoogleUtilities: 8ed9134debe11719097881711464752900668f10
  RaptureXML: b5c33c04c1a4adfd8ad0d5463329a31820596e82

PODFILE CHECKSUM: ddedd9c54a8609b5bf8750e97f39bf2afbc6de0c

COCOAPODS: 1.3.1
