// !$*UTF8*$!
{
	archiveVersion = 1;
	classes = {
	};
	objectVersion = 50;
	objects = {

/* Begin PBXBuildFile section */
		702E14F5260B239000E9D3AC /* TestDataSource.swift in Sources */ = {isa = PBXBuildFile; fileRef = 702E14F4260B239000E9D3AC /* TestDataSource.swift */; };
		70651592260FA36D0030DC73 /* LoadingView.swift in Sources */ = {isa = PBXBuildFile; fileRef = 70651591260FA36C0030DC73 /* LoadingView.swift */; };
		7074060E261B7BBC00F71D59 /* NavigationBarToggler.swift in Sources */ = {isa = PBXBuildFile; fileRef = 7074060D261B7BBC00F71D59 /* NavigationBarToggler.swift */; };
		7079D1BB25FAD1AB00EFF6B2 /* PrayerScreen.swift in Sources */ = {isa = PBXBuildFile; fileRef = 7079D1BA25FAD1AB00EFF6B2 /* PrayerScreen.swift */; };
		7079D1BE25FAD8DD00EFF6B2 /* CGIClient.swift in Sources */ = {isa = PBXBuildFile; fileRef = 7079D1BD25FAD8DD00EFF6B2 /* CGIClient.swift */; };
		709A26AD25F8287A0040AE84 /* Constants.swift in Sources */ = {isa = PBXBuildFile; fileRef = 709A26AC25F8287A0040AE84 /* Constants.swift */; };
		709A26B125F82C250040AE84 /* DatePicker.swift in Sources */ = {isa = PBXBuildFile; fileRef = 709A26B025F82C250040AE84 /* DatePicker.swift */; };
		709A26B925F8DA8A0040AE84 /* Calendar.swift in Sources */ = {isa = PBXBuildFile; fileRef = 709A26B825F8DA8A0040AE84 /* Calendar.swift */; };
		70A99DBA25B3965300B558CE /* BreviarApp.swift in Sources */ = {isa = PBXBuildFile; fileRef = 70A99DB925B3965300B558CE /* BreviarApp.swift */; };
		70A99DBE25B3965500B558CE /* Assets.xcassets in Resources */ = {isa = PBXBuildFile; fileRef = 70A99DBD25B3965500B558CE /* Assets.xcassets */; };
		70A99DC125B3965600B558CE /* Preview Assets.xcassets in Resources */ = {isa = PBXBuildFile; fileRef = 70A99DC025B3965600B558CE /* Preview Assets.xcassets */; };
		70A99DCB25B477CB00B558CE /* BreviarModel.swift in Sources */ = {isa = PBXBuildFile; fileRef = 70A99DCA25B477CB00B558CE /* BreviarModel.swift */; };
		70B109A125F3853B0044F613 /* BreviarDataSource.swift in Sources */ = {isa = PBXBuildFile; fileRef = 70B109A025F3853B0044F613 /* BreviarDataSource.swift */; };
		70BD424226106A8A00BB386E /* InlinePopoverPresenter.swift in Sources */ = {isa = PBXBuildFile; fileRef = 70BD424126106A8A00BB386E /* InlinePopoverPresenter.swift */; };
		70BD424B26107D7400BB386E /* TextOptions.swift in Sources */ = {isa = PBXBuildFile; fileRef = 70BD424A26107D7400BB386E /* TextOptions.swift */; };
		70BD424E26107E1800BB386E /* Playback.swift in Sources */ = {isa = PBXBuildFile; fileRef = 70BD424D26107E1800BB386E /* Playback.swift */; };
		70C6A53525F412360043056D /* MainScreen.swift in Sources */ = {isa = PBXBuildFile; fileRef = 70C6A53425F412360043056D /* MainScreen.swift */; };
/* End PBXBuildFile section */

/* Begin PBXFileReference section */
		702E14F4260B239000E9D3AC /* TestDataSource.swift */ = {isa = PBXFileReference; lastKnownFileType = sourcecode.swift; path = TestDataSource.swift; sourceTree = "<group>"; };
		70651591260FA36C0030DC73 /* LoadingView.swift */ = {isa = PBXFileReference; lastKnownFileType = sourcecode.swift; path = LoadingView.swift; sourceTree = "<group>"; };
		7074060D261B7BBC00F71D59 /* NavigationBarToggler.swift */ = {isa = PBXFileReference; lastKnownFileType = sourcecode.swift; path = NavigationBarToggler.swift; sourceTree = "<group>"; };
		7079D1BA25FAD1AB00EFF6B2 /* PrayerScreen.swift */ = {isa = PBXFileReference; lastKnownFileType = sourcecode.swift; path = PrayerScreen.swift; sourceTree = "<group>"; };
		7079D1BD25FAD8DD00EFF6B2 /* CGIClient.swift */ = {isa = PBXFileReference; lastKnownFileType = sourcecode.swift; path = CGIClient.swift; sourceTree = "<group>"; };
		709A26AC25F8287A0040AE84 /* Constants.swift */ = {isa = PBXFileReference; lastKnownFileType = sourcecode.swift; path = Constants.swift; sourceTree = "<group>"; };
		709A26B025F82C250040AE84 /* DatePicker.swift */ = {isa = PBXFileReference; lastKnownFileType = sourcecode.swift; path = DatePicker.swift; sourceTree = "<group>"; };
		709A26B825F8DA8A0040AE84 /* Calendar.swift */ = {isa = PBXFileReference; lastKnownFileType = sourcecode.swift; path = Calendar.swift; sourceTree = "<group>"; };
		70A99DB625B3965300B558CE /* Breviar.app */ = {isa = PBXFileReference; explicitFileType = wrapper.application; includeInIndex = 0; path = Breviar.app; sourceTree = BUILT_PRODUCTS_DIR; };
		70A99DB925B3965300B558CE /* BreviarApp.swift */ = {isa = PBXFileReference; lastKnownFileType = sourcecode.swift; path = BreviarApp.swift; sourceTree = "<group>"; };
		70A99DBD25B3965500B558CE /* Assets.xcassets */ = {isa = PBXFileReference; lastKnownFileType = folder.assetcatalog; path = Assets.xcassets; sourceTree = "<group>"; };
		70A99DC025B3965600B558CE /* Preview Assets.xcassets */ = {isa = PBXFileReference; lastKnownFileType = folder.assetcatalog; path = "Preview Assets.xcassets"; sourceTree = "<group>"; };
		70A99DC225B3965600B558CE /* Info.plist */ = {isa = PBXFileReference; lastKnownFileType = text.plist.xml; path = Info.plist; sourceTree = "<group>"; };
		70A99DCA25B477CB00B558CE /* BreviarModel.swift */ = {isa = PBXFileReference; lastKnownFileType = sourcecode.swift; path = BreviarModel.swift; sourceTree = "<group>"; };
		70B109A025F3853B0044F613 /* BreviarDataSource.swift */ = {isa = PBXFileReference; lastKnownFileType = sourcecode.swift; path = BreviarDataSource.swift; sourceTree = "<group>"; };
		70BD424126106A8A00BB386E /* InlinePopoverPresenter.swift */ = {isa = PBXFileReference; lastKnownFileType = sourcecode.swift; path = InlinePopoverPresenter.swift; sourceTree = "<group>"; };
		70BD424A26107D7400BB386E /* TextOptions.swift */ = {isa = PBXFileReference; lastKnownFileType = sourcecode.swift; path = TextOptions.swift; sourceTree = "<group>"; };
		70BD424D26107E1800BB386E /* Playback.swift */ = {isa = PBXFileReference; lastKnownFileType = sourcecode.swift; path = Playback.swift; sourceTree = "<group>"; };
		70C6A53425F412360043056D /* MainScreen.swift */ = {isa = PBXFileReference; lastKnownFileType = sourcecode.swift; path = MainScreen.swift; sourceTree = "<group>"; };
/* End PBXFileReference section */

/* Begin PBXFrameworksBuildPhase section */
		70A99DB325B3965200B558CE /* Frameworks */ = {
			isa = PBXFrameworksBuildPhase;
			buildActionMask = 2147483647;
			files = (
			);
			runOnlyForDeploymentPostprocessing = 0;
		};
/* End PBXFrameworksBuildPhase section */

/* Begin PBXGroup section */
		70A99DAD25B3965200B558CE = {
			isa = PBXGroup;
			children = (
				70A99DB825B3965300B558CE /* Breviar */,
				70A99DB725B3965300B558CE /* Products */,
			);
			sourceTree = "<group>";
		};
		70A99DB725B3965300B558CE /* Products */ = {
			isa = PBXGroup;
			children = (
				70A99DB625B3965300B558CE /* Breviar.app */,
			);
			name = Products;
			sourceTree = "<group>";
		};
		70A99DB825B3965300B558CE /* Breviar */ = {
			isa = PBXGroup;
			children = (
				70B1099F25F385180044F613 /* Model */,
				70B109A325F387EE0044F613 /* View */,
				70A99DB925B3965300B558CE /* BreviarApp.swift */,
				70A99DBD25B3965500B558CE /* Assets.xcassets */,
				70A99DC225B3965600B558CE /* Info.plist */,
				70A99DBF25B3965600B558CE /* Preview Content */,
			);
			path = Breviar;
			sourceTree = "<group>";
		};
		70A99DBF25B3965600B558CE /* Preview Content */ = {
			isa = PBXGroup;
			children = (
				70A99DC025B3965600B558CE /* Preview Assets.xcassets */,
				702E14F4260B239000E9D3AC /* TestDataSource.swift */,
			);
			path = "Preview Content";
			sourceTree = "<group>";
		};
		70B1099F25F385180044F613 /* Model */ = {
			isa = PBXGroup;
			children = (
				709A26B825F8DA8A0040AE84 /* Calendar.swift */,
				70A99DCA25B477CB00B558CE /* BreviarModel.swift */,
				70B109A025F3853B0044F613 /* BreviarDataSource.swift */,
				7079D1BD25FAD8DD00EFF6B2 /* CGIClient.swift */,
			);
			path = Model;
			sourceTree = "<group>";
		};
		70B109A325F387EE0044F613 /* View */ = {
			isa = PBXGroup;
			children = (
				70BD424526106CE900BB386E /* Screens */,
				70BD424626106CF200BB386E /* Util */,
			);
			path = View;
			sourceTree = "<group>";
		};
		70BD424526106CE900BB386E /* Screens */ = {
			isa = PBXGroup;
			children = (
				70BD424826107D3D00BB386E /* MainScreen */,
				70BD424926107D5200BB386E /* PrayerScreen */,
			);
			path = Screens;
			sourceTree = "<group>";
		};
		70BD424626106CF200BB386E /* Util */ = {
			isa = PBXGroup;
			children = (
				709A26AC25F8287A0040AE84 /* Constants.swift */,
				70651591260FA36C0030DC73 /* LoadingView.swift */,
				70BD424126106A8A00BB386E /* InlinePopoverPresenter.swift */,
				7074060D261B7BBC00F71D59 /* NavigationBarToggler.swift */,
			);
			path = Util;
			sourceTree = "<group>";
		};
		70BD424826107D3D00BB386E /* MainScreen */ = {
			isa = PBXGroup;
			children = (
				70C6A53425F412360043056D /* MainScreen.swift */,
				709A26B025F82C250040AE84 /* DatePicker.swift */,
			);
			path = MainScreen;
			sourceTree = "<group>";
		};
		70BD424926107D5200BB386E /* PrayerScreen */ = {
			isa = PBXGroup;
			children = (
				7079D1BA25FAD1AB00EFF6B2 /* PrayerScreen.swift */,
				70BD424A26107D7400BB386E /* TextOptions.swift */,
				70BD424D26107E1800BB386E /* Playback.swift */,
			);
			path = PrayerScreen;
			sourceTree = "<group>";
		};
/* End PBXGroup section */

/* Begin PBXNativeTarget section */
		70A99DB525B3965200B558CE /* Breviar */ = {
			isa = PBXNativeTarget;
			buildConfigurationList = 70A99DC525B3965600B558CE /* Build configuration list for PBXNativeTarget "Breviar" */;
			buildPhases = (
				70A99DB225B3965200B558CE /* Sources */,
				70A99DB325B3965200B558CE /* Frameworks */,
				70A99DB425B3965200B558CE /* Resources */,
			);
			buildRules = (
			);
			dependencies = (
			);
			name = Breviar;
			productName = Breviar;
			productReference = 70A99DB625B3965300B558CE /* Breviar.app */;
			productType = "com.apple.product-type.application";
		};
/* End PBXNativeTarget section */

/* Begin PBXProject section */
		70A99DAE25B3965200B558CE /* Project object */ = {
			isa = PBXProject;
			attributes = {
				LastSwiftUpdateCheck = 1230;
				LastUpgradeCheck = 1230;
				TargetAttributes = {
					70A99DB525B3965200B558CE = {
						CreatedOnToolsVersion = 12.3;
					};
				};
			};
			buildConfigurationList = 70A99DB125B3965200B558CE /* Build configuration list for PBXProject "Breviar" */;
			compatibilityVersion = "Xcode 9.3";
			developmentRegion = en;
			hasScannedForEncodings = 0;
			knownRegions = (
				en,
				Base,
			);
			mainGroup = 70A99DAD25B3965200B558CE;
			productRefGroup = 70A99DB725B3965300B558CE /* Products */;
			projectDirPath = "";
			projectRoot = "";
			targets = (
				70A99DB525B3965200B558CE /* Breviar */,
			);
		};
/* End PBXProject section */

/* Begin PBXResourcesBuildPhase section */
		70A99DB425B3965200B558CE /* Resources */ = {
			isa = PBXResourcesBuildPhase;
			buildActionMask = 2147483647;
			files = (
				70A99DC125B3965600B558CE /* Preview Assets.xcassets in Resources */,
				70A99DBE25B3965500B558CE /* Assets.xcassets in Resources */,
			);
			runOnlyForDeploymentPostprocessing = 0;
		};
/* End PBXResourcesBuildPhase section */

/* Begin PBXSourcesBuildPhase section */
		70A99DB225B3965200B558CE /* Sources */ = {
			isa = PBXSourcesBuildPhase;
			buildActionMask = 2147483647;
			files = (
				7079D1BB25FAD1AB00EFF6B2 /* PrayerScreen.swift in Sources */,
				7079D1BE25FAD8DD00EFF6B2 /* CGIClient.swift in Sources */,
				709A26AD25F8287A0040AE84 /* Constants.swift in Sources */,
				70651592260FA36D0030DC73 /* LoadingView.swift in Sources */,
				7074060E261B7BBC00F71D59 /* NavigationBarToggler.swift in Sources */,
				70BD424226106A8A00BB386E /* InlinePopoverPresenter.swift in Sources */,
				70BD424B26107D7400BB386E /* TextOptions.swift in Sources */,
				70C6A53525F412360043056D /* MainScreen.swift in Sources */,
				70BD424E26107E1800BB386E /* Playback.swift in Sources */,
				709A26B925F8DA8A0040AE84 /* Calendar.swift in Sources */,
				70B109A125F3853B0044F613 /* BreviarDataSource.swift in Sources */,
				702E14F5260B239000E9D3AC /* TestDataSource.swift in Sources */,
				70A99DCB25B477CB00B558CE /* BreviarModel.swift in Sources */,
				70A99DBA25B3965300B558CE /* BreviarApp.swift in Sources */,
				709A26B125F82C250040AE84 /* DatePicker.swift in Sources */,
			);
			runOnlyForDeploymentPostprocessing = 0;
		};
/* End PBXSourcesBuildPhase section */

/* Begin XCBuildConfiguration section */
		70A99DC325B3965600B558CE /* Debug */ = {
			isa = XCBuildConfiguration;
			buildSettings = {
				ALWAYS_SEARCH_USER_PATHS = NO;
				CLANG_ANALYZER_NONNULL = YES;
				CLANG_ANALYZER_NUMBER_OBJECT_CONVERSION = YES_AGGRESSIVE;
				CLANG_CXX_LANGUAGE_STANDARD = "gnu++14";
				CLANG_CXX_LIBRARY = "libc++";
				CLANG_ENABLE_MODULES = YES;
				CLANG_ENABLE_OBJC_ARC = YES;
				CLANG_ENABLE_OBJC_WEAK = YES;
				CLANG_WARN_BLOCK_CAPTURE_AUTORELEASING = YES;
				CLANG_WARN_BOOL_CONVERSION = YES;
				CLANG_WARN_COMMA = YES;
				CLANG_WARN_CONSTANT_CONVERSION = YES;
				CLANG_WARN_DEPRECATED_OBJC_IMPLEMENTATIONS = YES;
				CLANG_WARN_DIRECT_OBJC_ISA_USAGE = YES_ERROR;
				CLANG_WARN_DOCUMENTATION_COMMENTS = YES;
				CLANG_WARN_EMPTY_BODY = YES;
				CLANG_WARN_ENUM_CONVERSION = YES;
				CLANG_WARN_INFINITE_RECURSION = YES;
				CLANG_WARN_INT_CONVERSION = YES;
				CLANG_WARN_NON_LITERAL_NULL_CONVERSION = YES;
				CLANG_WARN_OBJC_IMPLICIT_RETAIN_SELF = YES;
				CLANG_WARN_OBJC_LITERAL_CONVERSION = YES;
				CLANG_WARN_OBJC_ROOT_CLASS = YES_ERROR;
				CLANG_WARN_QUOTED_INCLUDE_IN_FRAMEWORK_HEADER = YES;
				CLANG_WARN_RANGE_LOOP_ANALYSIS = YES;
				CLANG_WARN_STRICT_PROTOTYPES = YES;
				CLANG_WARN_SUSPICIOUS_MOVE = YES;
				CLANG_WARN_UNGUARDED_AVAILABILITY = YES_AGGRESSIVE;
				CLANG_WARN_UNREACHABLE_CODE = YES;
				CLANG_WARN__DUPLICATE_METHOD_MATCH = YES;
				COPY_PHASE_STRIP = NO;
				DEBUG_INFORMATION_FORMAT = dwarf;
				ENABLE_STRICT_OBJC_MSGSEND = YES;
				ENABLE_TESTABILITY = YES;
				GCC_C_LANGUAGE_STANDARD = gnu11;
				GCC_DYNAMIC_NO_PIC = NO;
				GCC_NO_COMMON_BLOCKS = YES;
				GCC_OPTIMIZATION_LEVEL = 0;
				GCC_PREPROCESSOR_DEFINITIONS = (
					"DEBUG=1",
					"$(inherited)",
				);
				GCC_WARN_64_TO_32_BIT_CONVERSION = YES;
				GCC_WARN_ABOUT_RETURN_TYPE = YES_ERROR;
				GCC_WARN_UNDECLARED_SELECTOR = YES;
				GCC_WARN_UNINITIALIZED_AUTOS = YES_AGGRESSIVE;
				GCC_WARN_UNUSED_FUNCTION = YES;
				GCC_WARN_UNUSED_VARIABLE = YES;
				IPHONEOS_DEPLOYMENT_TARGET = 14.3;
				MTL_ENABLE_DEBUG_INFO = INCLUDE_SOURCE;
				MTL_FAST_MATH = YES;
				ONLY_ACTIVE_ARCH = YES;
				SDKROOT = iphoneos;
				SWIFT_ACTIVE_COMPILATION_CONDITIONS = DEBUG;
				SWIFT_OPTIMIZATION_LEVEL = "-Onone";
			};
			name = Debug;
		};
		70A99DC425B3965600B558CE /* Release */ = {
			isa = XCBuildConfiguration;
			buildSettings = {
				ALWAYS_SEARCH_USER_PATHS = NO;
				CLANG_ANALYZER_NONNULL = YES;
				CLANG_ANALYZER_NUMBER_OBJECT_CONVERSION = YES_AGGRESSIVE;
				CLANG_CXX_LANGUAGE_STANDARD = "gnu++14";
				CLANG_CXX_LIBRARY = "libc++";
				CLANG_ENABLE_MODULES = YES;
				CLANG_ENABLE_OBJC_ARC = YES;
				CLANG_ENABLE_OBJC_WEAK = YES;
				CLANG_WARN_BLOCK_CAPTURE_AUTORELEASING = YES;
				CLANG_WARN_BOOL_CONVERSION = YES;
				CLANG_WARN_COMMA = YES;
				CLANG_WARN_CONSTANT_CONVERSION = YES;
				CLANG_WARN_DEPRECATED_OBJC_IMPLEMENTATIONS = YES;
				CLANG_WARN_DIRECT_OBJC_ISA_USAGE = YES_ERROR;
				CLANG_WARN_DOCUMENTATION_COMMENTS = YES;
				CLANG_WARN_EMPTY_BODY = YES;
				CLANG_WARN_ENUM_CONVERSION = YES;
				CLANG_WARN_INFINITE_RECURSION = YES;
				CLANG_WARN_INT_CONVERSION = YES;
				CLANG_WARN_NON_LITERAL_NULL_CONVERSION = YES;
				CLANG_WARN_OBJC_IMPLICIT_RETAIN_SELF = YES;
				CLANG_WARN_OBJC_LITERAL_CONVERSION = YES;
				CLANG_WARN_OBJC_ROOT_CLASS = YES_ERROR;
				CLANG_WARN_QUOTED_INCLUDE_IN_FRAMEWORK_HEADER = YES;
				CLANG_WARN_RANGE_LOOP_ANALYSIS = YES;
				CLANG_WARN_STRICT_PROTOTYPES = YES;
				CLANG_WARN_SUSPICIOUS_MOVE = YES;
				CLANG_WARN_UNGUARDED_AVAILABILITY = YES_AGGRESSIVE;
				CLANG_WARN_UNREACHABLE_CODE = YES;
				CLANG_WARN__DUPLICATE_METHOD_MATCH = YES;
				COPY_PHASE_STRIP = NO;
				DEBUG_INFORMATION_FORMAT = "dwarf-with-dsym";
				ENABLE_NS_ASSERTIONS = NO;
				ENABLE_STRICT_OBJC_MSGSEND = YES;
				GCC_C_LANGUAGE_STANDARD = gnu11;
				GCC_NO_COMMON_BLOCKS = YES;
				GCC_WARN_64_TO_32_BIT_CONVERSION = YES;
				GCC_WARN_ABOUT_RETURN_TYPE = YES_ERROR;
				GCC_WARN_UNDECLARED_SELECTOR = YES;
				GCC_WARN_UNINITIALIZED_AUTOS = YES_AGGRESSIVE;
				GCC_WARN_UNUSED_FUNCTION = YES;
				GCC_WARN_UNUSED_VARIABLE = YES;
				IPHONEOS_DEPLOYMENT_TARGET = 14.3;
				MTL_ENABLE_DEBUG_INFO = NO;
				MTL_FAST_MATH = YES;
				SDKROOT = iphoneos;
				SWIFT_COMPILATION_MODE = wholemodule;
				SWIFT_OPTIMIZATION_LEVEL = "-O";
				VALIDATE_PRODUCT = YES;
			};
			name = Release;
		};
		70A99DC625B3965600B558CE /* Debug */ = {
			isa = XCBuildConfiguration;
			buildSettings = {
				ASSETCATALOG_COMPILER_APPICON_NAME = AppIcon;
				ASSETCATALOG_COMPILER_GLOBAL_ACCENT_COLOR_NAME = AccentColor;
				CODE_SIGN_STYLE = Automatic;
				DEVELOPMENT_ASSET_PATHS = "\"Breviar/Preview Content\"";
				DEVELOPMENT_TEAM = 3K775ZSA59;
				ENABLE_PREVIEWS = YES;
				INFOPLIST_FILE = Breviar/Info.plist;
				IPHONEOS_DEPLOYMENT_TARGET = 14.0;
				LD_RUNPATH_SEARCH_PATHS = (
					"$(inherited)",
					"@executable_path/Frameworks",
				);
				PRODUCT_BUNDLE_IDENTIFIER = sk.breviar.Breviar;
				PRODUCT_NAME = "$(TARGET_NAME)";
				SWIFT_VERSION = 5.0;
				TARGETED_DEVICE_FAMILY = "1,2";
			};
			name = Debug;
		};
		70A99DC725B3965600B558CE /* Release */ = {
			isa = XCBuildConfiguration;
			buildSettings = {
				ASSETCATALOG_COMPILER_APPICON_NAME = AppIcon;
				ASSETCATALOG_COMPILER_GLOBAL_ACCENT_COLOR_NAME = AccentColor;
				CODE_SIGN_STYLE = Automatic;
				DEVELOPMENT_ASSET_PATHS = "\"Breviar/Preview Content\"";
				DEVELOPMENT_TEAM = 3K775ZSA59;
				ENABLE_PREVIEWS = YES;
				INFOPLIST_FILE = Breviar/Info.plist;
				IPHONEOS_DEPLOYMENT_TARGET = 14.0;
				LD_RUNPATH_SEARCH_PATHS = (
					"$(inherited)",
					"@executable_path/Frameworks",
				);
				PRODUCT_BUNDLE_IDENTIFIER = sk.breviar.Breviar;
				PRODUCT_NAME = "$(TARGET_NAME)";
				SWIFT_VERSION = 5.0;
				TARGETED_DEVICE_FAMILY = "1,2";
			};
			name = Release;
		};
/* End XCBuildConfiguration section */

/* Begin XCConfigurationList section */
		70A99DB125B3965200B558CE /* Build configuration list for PBXProject "Breviar" */ = {
			isa = XCConfigurationList;
			buildConfigurations = (
				70A99DC325B3965600B558CE /* Debug */,
				70A99DC425B3965600B558CE /* Release */,
			);
			defaultConfigurationIsVisible = 0;
			defaultConfigurationName = Release;
		};
		70A99DC525B3965600B558CE /* Build configuration list for PBXNativeTarget "Breviar" */ = {
			isa = XCConfigurationList;
			buildConfigurations = (
				70A99DC625B3965600B558CE /* Debug */,
				70A99DC725B3965600B558CE /* Release */,
			);
			defaultConfigurationIsVisible = 0;
			defaultConfigurationName = Release;
		};
/* End XCConfigurationList section */
	};
	rootObject = 70A99DAE25B3965200B558CE /* Project object */;
}
